
Microsoft Visual Studio Solution File, Format Version 12.00
# Visual Studio Version 17
VisualStudioVersion = 17.9.34723.18
MinimumVisualStudioVersion = 10.0.40219.1
Project("{FAE04EC0-301F-11D3-BF4B-00C04F79EFBC}") = "csharp-net-forms-breakout-game", "csharp-net-forms-breakout-game\csharp-net-forms-breakout-game.csproj", "{505D8DAC-958C-412C-8308-6C06E6E4D107}"
EndProject
Global
	GlobalSection(SolutionConfigurationPlatforms) = preSolution
		Debug|Any CPU = Debug|Any CPU
		Release|Any CPU = Release|Any CPU
	EndGlobalSection
	GlobalSection(ProjectConfigurationPlatforms) = postSolution
		{505D8DAC-958C-412C-8308-6C06E6E4D107}.Debug|Any CPU.ActiveCfg = Debug|Any CPU
		{505D8DAC-958C-412C-8308-6C06E6E4D107}.Debug|Any CPU.Build.0 = Debug|Any CPU
		{505D8DAC-958C-412C-8308-6C06E6E4D107}.Release|Any CPU.ActiveCfg = Release|Any CPU
		{505D8DAC-958C-412C-8308-6C06E6E4D107}.Release|Any CPU.Build.0 = Release|Any CPU
	EndGlobalSection
	GlobalSection(SolutionProperties) = preSolution
		HideSolutionNode = FALSE
	EndGlobalSection
	GlobalSection(ExtensibilityGlobals) = postSolution
		SolutionGuid = {330B0934-EB1C-4380-8564-5DF97CCC31C0}
	EndGlobalSection
EndGlobal
